dependencies:
- name: cert-manager
  repository: ""
  version: 1.14.4
- name: tembo
  repository: ""
  version: 24.3.0
- name: monitoring
  repository: ""
  version: 24.3.0
- name: traefik
  repository: ""
  version: 24.3.0
digest: sha256:e2ebd0a5dfb53a18cb9024935983b7990298aff135284e2ed03148207e1a7a5c
generated: "2024-09-09T16:26:01.138075-04:00"
