dependencies:
- name: cert-manager
  repository: ""
  version: 1.14.4
- name: tembo
  repository: ""
  version: 24.3.2
- name: monitoring
  repository: ""
  version: 24.3.2
- name: traefik
  repository: ""
  version: 24.3.2
digest: sha256:2e92187b6df09e78bdaf7929a6066bec56b6ba65985353693c39654f779dd41a
generated: "2024-09-16T11:26:25.180352352-04:00"
