dependencies:
- name: tembo-operator
  repository: https://tembo-io.github.io/tembo
  version: 0.5.0
- name: cloudnative-pg
  repository: https://cloudnative-pg.github.io/charts
  version: 0.20.1
- name: conductor
  repository: https://tembo-io.github.io/tembo
  version: 0.3.0
digest: sha256:65aa4bf59eb051e229d988db7c0a4ac214b84c1f3edb20ce2ddbb9dec9ee56d5
generated: "2024-04-16T21:11:03.483110568-04:00"
