dependencies:
- name: tembo-operator
  repository: https://tembo-io.github.io/tembo
  version: 0.5.0
- name: cloudnative-pg
  repository: https://cloudnative-pg.github.io/charts
  version: 0.20.1
digest: sha256:4f11972d89b945f890b291e6f56a2121138af6ec6054549f7aad13ca70750a6b
generated: "2024-04-15T13:49:11.220841604-04:00"
